// !$*UTF8*$!
{
	archiveVersion = 1;
	classes = {
	};
	objectVersion = 46;
	objects = {

/* Begin PBXBuildFile section */
		4105E7A21A517168008EA07B /* Stats.cpp in Sources */ = {isa = PBXBuildFile; fileRef = 4105E7A01A517168008EA07B /* Stats.cpp */; };
		BD01ADCB1A21F72900D7679A /* main.cpp in Sources */ = {isa = PBXBuildFile; fileRef = BD01ADCA1A21F72900D7679A /* main.cpp */; };
		BD930DC31A472A31007EF3BA /* Initialize.cpp in Sources */ = {isa = PBXBuildFile; fileRef = BD930DC11A472A31007EF3BA /* Initialize.cpp */; };
		BDBF58DF1A23A48000F5E575 /* Rules.cpp in Sources */ = {isa = PBXBuildFile; fileRef = BDBF58DD1A23A48000F5E575 /* Rules.cpp */; };
		BDBF58E21A23B51200F5E575 /* Welcome.cpp in Sources */ = {isa = PBXBuildFile; fileRef = BDBF58E01A23B51200F5E575 /* Welcome.cpp */; };
/* End PBXBuildFile section */

/* Begin PBXFileReference section */
		4105E7A01A517168008EA07B /* Stats.cpp */ = {isa = PBXFileReference; fileEncoding = 4; lastKnownFileType = sourcecode.cpp.cpp; path = Stats.cpp; sourceTree = "<group>"; };
		4105E7A11A517168008EA07B /* Stats.h */ = {isa = PBXFileReference; fileEncoding = 4; lastKnownFileType = sourcecode.c.h; path = Stats.h; sourceTree = "<group>"; };
		BD01ADC21A21F72900D7679A /* battleeee.app */ = {isa = PBXFileReference; explicitFileType = wrapper.application; includeInIndex = 0; path = battleeee.app; sourceTree = BUILT_PRODUCTS_DIR; };
		BD01ADC61A21F72900D7679A /* battleeee-Info.plist */ = {isa = PBXFileReference; lastKnownFileType = text.plist.xml; path = "battleeee-Info.plist"; sourceTree = "<group>"; };
		BD01ADCA1A21F72900D7679A /* main.cpp */ = {isa = PBXFileReference; lastKnownFileType = sourcecode.cpp.cpp; path = main.cpp; sourceTree = "<group>"; };
		BD930DC11A472A31007EF3BA /* Initialize.cpp */ = {isa = PBXFileReference; fileEncoding = 4; lastKnownFileType = sourcecode.cpp.cpp; path = Initialize.cpp; sourceTree = "<group>"; };
		BD930DC21A472A31007EF3BA /* Initialize.h */ = {isa = PBXFileReference; fileEncoding = 4; lastKnownFileType = sourcecode.c.h; path = Initialize.h; sourceTree = "<group>"; };
		BD930DC41A472B6D007EF3BA /* Settings.h */ = {isa = PBXFileReference; lastKnownFileType = sourcecode.c.h; path = Settings.h; sourceTree = "<group>"; };
		BDBF58DD1A23A48000F5E575 /* Rules.cpp */ = {isa = PBXFileReference; fileEncoding = 4; lastKnownFileType = sourcecode.cpp.cpp; path = Rules.cpp; sourceTree = "<group>"; };
		BDBF58DE1A23A48000F5E575 /* Rules.h */ = {isa = PBXFileReference; explicitFileType = sourcecode.cpp.h; fileEncoding = 4; path = Rules.h; sourceTree = "<group>"; };
		BDBF58E01A23B51200F5E575 /* Welcome.cpp */ = {isa = PBXFileReference; fileEncoding = 4; lastKnownFileType = sourcecode.cpp.cpp; path = Welcome.cpp; sourceTree = "<group>"; };
		BDBF58E11A23B51200F5E575 /* Welcome.h */ = {isa = PBXFileReference; fileEncoding = 4; lastKnownFileType = sourcecode.c.h; path = Welcome.h; sourceTree = "<group>"; };
/* End PBXFileReference section */

/* Begin PBXFrameworksBuildPhase section */
		BD01ADBE1A21F72900D7679A /* Frameworks */ = {
			isa = PBXFrameworksBuildPhase;
			buildActionMask = 2147483647;
			files = (
			);
			runOnlyForDeploymentPostprocessing = 0;
		};
/* End PBXFrameworksBuildPhase section */

/* Begin PBXGroup section */
		BD01ADB81A21F72900D7679A = {
			isa = PBXGroup;
			children = (
				BD01ADC41A21F72900D7679A /* battleeee */,
				BD01ADC31A21F72900D7679A /* Products */,
			);
			sourceTree = "<group>";
		};
		BD01ADC31A21F72900D7679A /* Products */ = {
			isa = PBXGroup;
			children = (
				BD01ADC21A21F72900D7679A /* battleeee.app */,
			);
			name = Products;
			sourceTree = "<group>";
		};
		BD01ADC41A21F72900D7679A /* battleeee */ = {
			isa = PBXGroup;
			children = (
				BDBF58DB1A23A28600F5E575 /* Headers */,
				BD01ADCA1A21F72900D7679A /* main.cpp */,
				BD01ADCC1A21F72900D7679A /* Resources */,
				BD01ADC51A21F72900D7679A /* Supporting Files */,
			);
			path = battleeee;
			sourceTree = "<group>";
		};
		BD01ADC51A21F72900D7679A /* Supporting Files */ = {
			isa = PBXGroup;
			children = (
				BD01ADC61A21F72900D7679A /* battleeee-Info.plist */,
			);
			name = "Supporting Files";
			sourceTree = "<group>";
		};
		BD01ADCC1A21F72900D7679A /* Resources */ = {
			isa = PBXGroup;
			children = (
			);
			name = Resources;
			sourceTree = "<group>";
		};
		BDBF58DB1A23A28600F5E575 /* Headers */ = {
			isa = PBXGroup;
			children = (
				BDBF58DD1A23A48000F5E575 /* Rules.cpp */,
				BDBF58DE1A23A48000F5E575 /* Rules.h */,
				BDBF58E01A23B51200F5E575 /* Welcome.cpp */,
				4105E7A01A517168008EA07B /* Stats.cpp */,
				4105E7A11A517168008EA07B /* Stats.h */,
				BDBF58E11A23B51200F5E575 /* Welcome.h */,
				BD930DC11A472A31007EF3BA /* Initialize.cpp */,
				BD930DC21A472A31007EF3BA /* Initialize.h */,
				BD930DC41A472B6D007EF3BA /* Settings.h */,
			);
			name = Headers;
			sourceTree = "<group>";
		};
/* End PBXGroup section */

/* Begin PBXNativeTarget section */
		BD01ADC11A21F72900D7679A /* battleeee */ = {
			isa = PBXNativeTarget;
			buildConfigurationList = BD01ADD71A21F72900D7679A /* Build configuration list for PBXNativeTarget "battleeee" */;
			buildPhases = (
				BD01ADBD1A21F72900D7679A /* Sources */,
				BD01ADBE1A21F72900D7679A /* Frameworks */,
				BD01ADBF1A21F72900D7679A /* Resources */,
				BD01ADC01A21F72900D7679A /* ShellScript */,
			);
			buildRules = (
			);
			dependencies = (
			);
			name = battleeee;
			productName = battleeee;
			productReference = BD01ADC21A21F72900D7679A /* battleeee.app */;
			productType = "com.apple.product-type.application";
		};
/* End PBXNativeTarget section */

/* Begin PBXProject section */
		BD01ADB91A21F72900D7679A /* Project object */ = {
			isa = PBXProject;
			attributes = {
				LastUpgradeCheck = 0610;
				ORGANIZATIONNAME = Ingy;
				TargetAttributes = {
					BD01ADC11A21F72900D7679A = {
						CreatedOnToolsVersion = 6.1;
					};
				};
			};
			buildConfigurationList = BD01ADBC1A21F72900D7679A /* Build configuration list for PBXProject "battleeee" */;
			compatibilityVersion = "Xcode 3.2";
			developmentRegion = English;
			hasScannedForEncodings = 0;
			knownRegions = (
				en,
			);
			mainGroup = BD01ADB81A21F72900D7679A;
			productRefGroup = BD01ADC31A21F72900D7679A /* Products */;
			projectDirPath = "";
			projectRoot = "";
			targets = (
				BD01ADC11A21F72900D7679A /* battleeee */,
			);
		};
/* End PBXProject section */

/* Begin PBXResourcesBuildPhase section */
		BD01ADBF1A21F72900D7679A /* Resources */ = {
			isa = PBXResourcesBuildPhase;
			buildActionMask = 2147483647;
			files = (
			);
			runOnlyForDeploymentPostprocessing = 0;
		};
/* End PBXResourcesBuildPhase section */

/* Begin PBXShellScriptBuildPhase section */
		BD01ADC01A21F72900D7679A /* ShellScript */ = {
			isa = PBXShellScriptBuildPhase;
			buildActionMask = 2147483647;
			files = (
			);
			inputPaths = (
			);
			outputPaths = (
			);
			runOnlyForDeploymentPostprocessing = 0;
			shellPath = /bin/sh;
			shellScript = "# This shell script simply copies required sfml dylibs/frameworks into the application bundle frameworks folder.\n# If you're using static libraries (which is not recommended) you should remove this script from your project.\n\n# Are we building a project that uses framework or dylibs ?\ncase \"$SFML_BINARY_TYPE\" in\n    DYLIBS)\n        frameworks=\"false\"\n        ;;\n    *)\n        frameworks=\"true\"\n        ;;\nesac\n\n# Echoes to stderr\nerror () # $* message to display\n{\n    echo $* 1>&2\n    exit 2\n}\n\nassert () # $1 is a boolean, $2...N is an error message\n{\n    if [ $# -lt 2 ]\n    then\n        error \"Internal error in assert : not enough args\"\n    fi\n\n    if [ $1 -ne 0 ]\n    then\n        shift\n        error \"$*\"\n    fi\n}\n\nforce_remove () # $1 is a path\n{\n    test $# -eq 1\n    assert $? \"force_remove() requires one parameter\"\n    rm -fr \"$1\"\n    assert $? \"couldn't remove $1\"\n}\n\ncopy () # $1 is a source, $2 is a destination\n{\n    test $# -eq 2\n    assert $? \"copy() requires two parameters\"\n    ditto \"$1\" \"$2\"\n    assert $? \"couldn't copy $1 to $2\"\n}\n\nrequire () # $1 is a SFML module like 'system' or 'audio'\n{\n    dest=\"$BUILT_PRODUCTS_DIR/$PRODUCT_NAME.app/Contents/Frameworks\"\n\n    if [ -z \"$1\" ]\n    then\n        error \"require() requires one parameter!\"\n    else\n        # clean potentially old stuff\n        force_remove \"$dest/libsfml-$1.2.dylib\"\n        force_remove \"$dest/libsfml-$1-d.2.dylib\"\n        force_remove \"$dest/sfml-$1.framework\"\n\n        # copy SFML libraries\n        if [ \"$frameworks\" = \"true\" ]\n        then\n            copy \"/Library/Frameworks/sfml-$1.framework\" \"$dest/sfml-$1.framework\"\n        elif [ \"$SFML_LINK_DYLIBS_SUFFIX\" = \"-d\" ]\n        then\n            copy \"/usr/local/lib/libsfml-$1-d.2.dylib\" \"$dest/libsfml-$1-d.2.dylib\"\n        else\n            copy \"/usr/local/lib/libsfml-$1.2.dylib\" \"$dest/libsfml-$1.2.dylib\"\n        fi\n\n        if [ \"$1\" = \"audio\" ]\n        then\n            # copy sndfile framework too\n            copy \"/Library/Frameworks/sndfile.framework\" \"$dest/sndfile.framework\"\n        fi\n\n        if [ \"$1\" = \"graphics\" ]\n        then\n            # copy freetype framework too\n            copy \"/Library/Frameworks/freetype.framework\" \"$dest/freetype.framework\"\n        fi\n    fi\n}\n\nif [ -n \"$SFML_SYSTEM\" ]\nthen\n    require \"system\"\nfi\n\nif [ -n \"$SFML_AUDIO\" ]\nthen\n    require \"audio\"\nfi\n\nif [ -n \"$SFML_NETWORK\" ]\nthen\n    require \"network\"\nfi\n\nif [ -n \"$SFML_WINDOW\" ]\nthen\n    require \"window\"\nfi\n\nif [ -n \"$SFML_GRAPHICS\" ]\nthen\n    require \"graphics\"\nfi\n\n                ";
		};
/* End PBXShellScriptBuildPhase section */

/* Begin PBXSourcesBuildPhase section */
		BD01ADBD1A21F72900D7679A /* Sources */ = {
			isa = PBXSourcesBuildPhase;
			buildActionMask = 2147483647;
			files = (
				BDBF58E21A23B51200F5E575 /* Welcome.cpp in Sources */,
				BD930DC31A472A31007EF3BA /* Initialize.cpp in Sources */,
				BD01ADCB1A21F72900D7679A /* main.cpp in Sources */,
				BDBF58DF1A23A48000F5E575 /* Rules.cpp in Sources */,
				4105E7A21A517168008EA07B /* Stats.cpp in Sources */,
			);
			runOnlyForDeploymentPostprocessing = 0;
		};
/* End PBXSourcesBuildPhase section */

/* Begin XCBuildConfiguration section */
		BD01ADD51A21F72900D7679A /* Debug */ = {
			isa = XCBuildConfiguration;
			buildSettings = {
				ARCHS = "$(ARCHS_STANDARD_32_64_BIT)";
				CLANG_CXX_LANGUAGE_STANDARD = "c++0x";
				CLANG_CXX_LIBRARY = "libc++";
				CLANG_WARN_EMPTY_BODY = YES;
				CLANG_WARN__DUPLICATE_METHOD_MATCH = YES;
				FRAMEWORK_SEARCH_PATHS = (
					/Library/Frameworks/,
					"$(inherited)",
				);
				GCC_OPTIMIZATION_LEVEL = 0;
				GCC_PREPROCESSOR_DEFINITIONS = (
					"DEBUG=1",
					"$(inherited)",
				);
				GCC_VERSION = com.apple.compilers.llvm.clang.1_0;
				GCC_WARN_ABOUT_RETURN_TYPE = YES;
				GCC_WARN_UNINITIALIZED_AUTOS = YES;
				GCC_WARN_UNUSED_VARIABLE = YES;
				HEADER_SEARCH_PATHS = (
					/usr/local/include/,
					"$(inherited)",
				);
				LIBRARY_SEARCH_PATHS = (
					/usr/local/lib/,
					"$(inherited)",
				);
				ONLY_ACTIVE_ARCH = NO;
				OTHER_LDFLAGS = (
					"$(inherited)",
					"$(SFML_SYSTEM)",
					"$(SFML_WINDOW)",
					"$(SFML_GRAPHICS)",
					"$(SFML_AUDIO)",
					"$(SFML_NETWORK)",
				);
				SFML_AUDIO = "$(SFML_LINK_PREFIX) sfml-audio$(SFML_LINK_SUFFIX)";
				SFML_BINARY_TYPE = FRAMEWORKS;
				SFML_GRAPHICS = "$(SFML_LINK_PREFIX) sfml-graphics$(SFML_LINK_SUFFIX)";
				SFML_LINK_DYLIBS_PREFIX = "-l";
				SFML_LINK_DYLIBS_SUFFIX = "";
				SFML_LINK_FRAMEWORKS_PREFIX = "-framework";
				SFML_LINK_FRAMEWORKS_SUFFIX = "";
				SFML_LINK_PREFIX = "$(SFML_LINK_$(SFML_BINARY_TYPE)_PREFIX)";
				SFML_LINK_SUFFIX = "$(SFML_LINK_$(SFML_BINARY_TYPE)_SUFFIX)";
				SFML_NETWORK = "$(SFML_LINK_PREFIX) sfml-network$(SFML_LINK_SUFFIX)";
				SFML_SYSTEM = "$(SFML_LINK_PREFIX) sfml-system$(SFML_LINK_SUFFIX)";
				SFML_WINDOW = "$(SFML_LINK_PREFIX) sfml-window$(SFML_LINK_SUFFIX)";
				SUPPORTED_PLATFORMS = macosx;
			};
			name = Debug;
		};
		BD01ADD61A21F72900D7679A /* Release */ = {
			isa = XCBuildConfiguration;
			buildSettings = {
				ARCHS = "$(ARCHS_STANDARD_32_64_BIT)";
				CLANG_CXX_LANGUAGE_STANDARD = "c++0x";
				CLANG_CXX_LIBRARY = "libc++";
				CLANG_WARN_EMPTY_BODY = YES;
				CLANG_WARN__DUPLICATE_METHOD_MATCH = YES;
				COPY_PHASE_STRIP = YES;
				FRAMEWORK_SEARCH_PATHS = (
					/Library/Frameworks/,
					"$(inherited)",
				);
				GCC_VERSION = com.apple.compilers.llvm.clang.1_0;
				GCC_WARN_ABOUT_RETURN_TYPE = YES;
				GCC_WARN_UNINITIALIZED_AUTOS = YES;
				GCC_WARN_UNUSED_VARIABLE = YES;
				HEADER_SEARCH_PATHS = (
					/usr/local/include/,
					"$(inherited)",
				);
				LIBRARY_SEARCH_PATHS = (
					/usr/local/lib/,
					"$(inherited)",
				);
				ONLY_ACTIVE_ARCH = NO;
				OTHER_LDFLAGS = (
					"$(inherited)",
					"$(SFML_SYSTEM)",
					"$(SFML_WINDOW)",
					"$(SFML_GRAPHICS)",
					"$(SFML_AUDIO)",
					"$(SFML_NETWORK)",
				);
				SFML_AUDIO = "$(SFML_LINK_PREFIX) sfml-audio$(SFML_LINK_SUFFIX)";
				SFML_BINARY_TYPE = FRAMEWORKS;
				SFML_GRAPHICS = "$(SFML_LINK_PREFIX) sfml-graphics$(SFML_LINK_SUFFIX)";
				SFML_LINK_DYLIBS_PREFIX = "-l";
				SFML_LINK_DYLIBS_SUFFIX = "";
				SFML_LINK_FRAMEWORKS_PREFIX = "-framework";
				SFML_LINK_FRAMEWORKS_SUFFIX = "";
				SFML_LINK_PREFIX = "$(SFML_LINK_$(SFML_BINARY_TYPE)_PREFIX)";
				SFML_LINK_SUFFIX = "$(SFML_LINK_$(SFML_BINARY_TYPE)_SUFFIX)";
				SFML_NETWORK = "$(SFML_LINK_PREFIX) sfml-network$(SFML_LINK_SUFFIX)";
				SFML_SYSTEM = "$(SFML_LINK_PREFIX) sfml-system$(SFML_LINK_SUFFIX)";
				SFML_WINDOW = "$(SFML_LINK_PREFIX) sfml-window$(SFML_LINK_SUFFIX)";
				SUPPORTED_PLATFORMS = macosx;
			};
			name = Release;
		};
		BD01ADD81A21F72900D7679A /* Debug */ = {
			isa = XCBuildConfiguration;
			buildSettings = {
				INFOPLIST_FILE = "battleeee/battleeee-Info.plist";
				MACOSX_DEPLOYMENT_TARGET = 10.8;
				PRODUCT_NAME = "$(TARGET_NAME)";
			};
			name = Debug;
		};
		BD01ADD91A21F72900D7679A /* Release */ = {
			isa = XCBuildConfiguration;
			buildSettings = {
				INFOPLIST_FILE = "battleeee/battleeee-Info.plist";
				MACOSX_DEPLOYMENT_TARGET = 10.8;
				PRODUCT_NAME = "$(TARGET_NAME)";
			};
			name = Release;
		};
/* End XCBuildConfiguration section */

/* Begin XCConfigurationList section */
		BD01ADBC1A21F72900D7679A /* Build configuration list for PBXProject "battleeee" */ = {
			isa = XCConfigurationList;
			buildConfigurations = (
				BD01ADD51A21F72900D7679A /* Debug */,
				BD01ADD61A21F72900D7679A /* Release */,
			);
			defaultConfigurationIsVisible = 0;
			defaultConfigurationName = Release;
		};
		BD01ADD71A21F72900D7679A /* Build configuration list for PBXNativeTarget "battleeee" */ = {
			isa = XCConfigurationList;
			buildConfigurations = (
				BD01ADD81A21F72900D7679A /* Debug */,
				BD01ADD91A21F72900D7679A /* Release */,
			);
			defaultConfigurationIsVisible = 0;
			defaultConfigurationName = Release;
		};
/* End XCConfigurationList section */
	};
	rootObject = BD01ADB91A21F72900D7679A /* Project object */;
}
